
Microsoft Visual Studio Solution File, Format Version 11.00
# Visual Studio 2010
Project("{FAE04EC0-301F-11D3-BF4B-00C04F79EFBC}") = "INVASION", "Assembly-CSharp.csproj", "{68156159-D3F2-42E0-63FD-7DCD5B3F1127}"
EndProject
Project("{FAE04EC0-301F-11D3-BF4B-00C04F79EFBC}") = "INVASION", "Assembly-CSharp-firstpass.csproj", "{AA86CCBA-40BF-68D7-96DC-06EBFA47020D}"
EndProject
Project("{FAE04EC0-301F-11D3-BF4B-00C04F79EFBC}") = "INVASION", "Assembly-CSharp-Editor.csproj", "{2976D74F-7B1F-CD95-D6F6-47FD03E05E1D}"
EndProject
Global
	GlobalSection(SolutionConfigurationPlatforms) = preSolution
		Debug|Any CPU = Debug|Any CPU
		Release|Any CPU = Release|Any CPU
	EndGlobalSection
	GlobalSection(ProjectConfigurationPlatforms) = postSolution
		{68156159-D3F2-42E0-63FD-7DCD5B3F1127}.Debug|Any CPU.ActiveCfg = Debug|Any CPU
		{68156159-D3F2-42E0-63FD-7DCD5B3F1127}.Debug|Any CPU.Build.0 = Debug|Any CPU
		{68156159-D3F2-42E0-63FD-7DCD5B3F1127}.Release|Any CPU.ActiveCfg = Release|Any CPU
		{68156159-D3F2-42E0-63FD-7DCD5B3F1127}.Release|Any CPU.Build.0 = Release|Any CPU
		{AA86CCBA-40BF-68D7-96DC-06EBFA47020D}.Debug|Any CPU.ActiveCfg = Debug|Any CPU
		{AA86CCBA-40BF-68D7-96DC-06EBFA47020D}.Debug|Any CPU.Build.0 = Debug|Any CPU
		{AA86CCBA-40BF-68D7-96DC-06EBFA47020D}.Release|Any CPU.ActiveCfg = Release|Any CPU
		{AA86CCBA-40BF-68D7-96DC-06EBFA47020D}.Release|Any CPU.Build.0 = Release|Any CPU
		{2976D74F-7B1F-CD95-D6F6-47FD03E05E1D}.Debug|Any CPU.ActiveCfg = Debug|Any CPU
		{2976D74F-7B1F-CD95-D6F6-47FD03E05E1D}.Debug|Any CPU.Build.0 = Debug|Any CPU
		{2976D74F-7B1F-CD95-D6F6-47FD03E05E1D}.Release|Any CPU.ActiveCfg = Release|Any CPU
		{2976D74F-7B1F-CD95-D6F6-47FD03E05E1D}.Release|Any CPU.Build.0 = Release|Any CPU
	EndGlobalSection
	GlobalSection(SolutionProperties) = preSolution
		HideSolutionNode = FALSE
	EndGlobalSection
	GlobalSection(MonoDevelopProperties) = preSolution
		StartupItem = Assembly-CSharp.csproj
	EndGlobalSection
EndGlobal
